
Microsoft Visual Studio Solution File, Format Version 12.00
# Visual Studio Version 17
VisualStudioVersion = 17.10.35122.118
MinimumVisualStudioVersion = 10.0.40219.1
Project("{FAE04EC0-301F-11D3-BF4B-00C04F79EFBC}") = "Web.Api", "Web.Api\Web.Api.csproj", "{8AF05165-2EBE-4BC1-A08F-9723B704A593}"
EndProject
Global
	GlobalSection(SolutionConfigurationPlatforms) = preSolution
		Debug|Any CPU = Debug|Any CPU
		Release|Any CPU = Release|Any CPU
	EndGlobalSection
	GlobalSection(ProjectConfigurationPlatforms) = postSolution
		{8AF05165-2EBE-4BC1-A08F-9723B704A593}.Debug|Any CPU.ActiveCfg = Debug|Any CPU
		{8AF05165-2EBE-4BC1-A08F-9723B704A593}.Debug|Any CPU.Build.0 = Debug|Any CPU
		{8AF05165-2EBE-4BC1-A08F-9723B704A593}.Release|Any CPU.ActiveCfg = Release|Any CPU
		{8AF05165-2EBE-4BC1-A08F-9723B704A593}.Release|Any CPU.Build.0 = Release|Any CPU
	EndGlobalSection
	GlobalSection(SolutionProperties) = preSolution
		HideSolutionNode = FALSE
	EndGlobalSection
	GlobalSection(ExtensibilityGlobals) = postSolution
		SolutionGuid = {961F0554-6FBD-4F31-B92F-C093FFCF3766}
	EndGlobalSection
EndGlobal
